
Microsoft Visual Studio Solution File, Format Version 11.00
# Visual Studio 2010
Project("{FAE04EC0-301F-11D3-BF4B-00C04F79EFBC}") = "IGD Term Proj", "Assembly-CSharp.csproj", "{8EE11B42-97B4-AB94-48D7-A4CC85849DBB}"
EndProject
Global
	GlobalSection(SolutionConfigurationPlatforms) = preSolution
		Debug|Any CPU = Debug|Any CPU
		Release|Any CPU = Release|Any CPU
	EndGlobalSection
	GlobalSection(ProjectConfigurationPlatforms) = postSolution
		{8EE11B42-97B4-AB94-48D7-A4CC85849DBB}.Debug|Any CPU.ActiveCfg = Debug|Any CPU
		{8EE11B42-97B4-AB94-48D7-A4CC85849DBB}.Debug|Any CPU.Build.0 = Debug|Any CPU
		{8EE11B42-97B4-AB94-48D7-A4CC85849DBB}.Release|Any CPU.ActiveCfg = Release|Any CPU
		{8EE11B42-97B4-AB94-48D7-A4CC85849DBB}.Release|Any CPU.Build.0 = Release|Any CPU
	EndGlobalSection
	GlobalSection(SolutionProperties) = preSolution
		HideSolutionNode = FALSE
	EndGlobalSection
	GlobalSection(MonoDevelopProperties) = preSolution
		StartupItem = Assembly-CSharp.csproj
	EndGlobalSection
EndGlobal
